{
  "name": "@repo/prisma",
  "version": "1.0.0",
  "lockfileVersion": 3,
  "requires": true,
  "packages": {
    "": {
      "name": "@repo/prisma",
      "version": "1.0.0",
      "license": "ISC",
      "dependencies": {
        "@prisma/client": "^6.8.1"
      },
      "devDependencies": {
        "prisma": "^6.8.1"
      }
    },
    "node_modules/@prisma/client": {
      "version": "6.8.1",
      "resolved": "https://registry.npmjs.org/@prisma/client/-/client-6.8.1.tgz",
      "integrity": "sha512-OxkcBe9i/iQp4vNlXB2nRaTAIu3xtdshqKAUYenGve7MnT1YFsE2FOr92MMF2/5TuNTAJ1jGyls3t16YSfoOYA==",
      "hasInstallScript": true,
      "license": "Apache-2.0",
      "engines": {
        "node": ">=18.18"
      },
      "peerDependencies": {
        "prisma": "*",
        "typescript": ">=5.1.0"
      },
      "peerDependenciesMeta": {
        "prisma": {
          "optional": true
        },
        "typescript": {
          "optional": true
        }
      }
    },
    "node_modules/@prisma/config": {
      "version": "6.8.1",
      "resolved": "https://registry.npmjs.org/@prisma/config/-/config-6.8.1.tgz",
      "integrity": "sha512-8F8fPo32+L9pZ6iESJnFS/Q6R7jvKb5Bn8hsMcOYpkIRV4OQcdvCBQpLS60qol16F0TUAu2NXiE97a/hghex4Q==",
      "devOptional": true,
      "license": "Apache-2.0",
      "dependencies": {
        "jiti": "2.4.2"
      }
    },
    "node_modules/@prisma/debug": {
      "version": "6.8.1",
      "resolved": "https://registry.npmjs.org/@prisma/debug/-/debug-6.8.1.tgz",
      "integrity": "sha512-3HrYLFje+ngEUBKH9x6LWBiqpX8pQEB791RWFS+anWoklM9b6MFdWGzK0bika3rGIs0KOb0ZTKVXo6OmWvjryg==",
      "devOptional": true,
      "license": "Apache-2.0"
    },
    "node_modules/@prisma/engines": {
      "version": "6.8.1",
      "resolved": "https://registry.npmjs.org/@prisma/engines/-/engines-6.8.1.tgz",
      "integrity": "sha512-QPU2uNA33MDn1V7Kp2jMm4Ik9f1A5MOPsHDfWDVsS4cYDRO51Kli7/4mjOilmbmaVbHsTjtcTPcZ7K08v46Siw==",
      "devOptional": true,
      "hasInstallScript": true,
      "license": "Apache-2.0",
      "dependencies": {
        "@prisma/debug": "6.8.1",
        "@prisma/engines-version": "6.8.0-43.2060c79ba17c6bb9f5823312b6f6b7f4a845738e",
        "@prisma/fetch-engine": "6.8.1",
        "@prisma/get-platform": "6.8.1"
      }
    },
    "node_modules/@prisma/engines-version": {
      "version": "6.8.0-43.2060c79ba17c6bb9f5823312b6f6b7f4a845738e",
      "resolved": "https://registry.npmjs.org/@prisma/engines-version/-/engines-version-6.8.0-43.2060c79ba17c6bb9f5823312b6f6b7f4a845738e.tgz",
      "integrity": "sha512-Rkik9lMyHpFNGaLpPF3H5q5TQTkm/aE7DsGM5m92FZTvWQsvmi6Va8On3pWvqLHOt5aPUvFb/FeZTmphI4CPiQ==",
      "devOptional": true,
      "license": "Apache-2.0"
    },
    "node_modules/@prisma/fetch-engine": {
      "version": "6.8.1",
      "resolved": "https://registry.npmjs.org/@prisma/fetch-engine/-/fetch-engine-6.8.1.tgz",
      "integrity": "sha512-BaTTSTW0dKNQ4NYsm4qDYuP6wbqaqi1/wSjub4/PF9JBQ0sWspKknrpY7qKLrA/vNQjSfw6Hfd10HWtmT9Hq7g==",
      "devOptional": true,
      "license": "Apache-2.0",
      "dependencies": {
        "@prisma/debug": "6.8.1",
        "@prisma/engines-version": "6.8.0-43.2060c79ba17c6bb9f5823312b6f6b7f4a845738e",
        "@prisma/get-platform": "6.8.1"
      }
    },
    "node_modules/@prisma/get-platform": {
      "version": "6.8.1",
      "resolved": "https://registry.npmjs.org/@prisma/get-platform/-/get-platform-6.8.1.tgz",
      "integrity": "sha512-wOBUB/wiY1m4MDq9VtIy1nVF5bRhd+e0LShR4bxb9oPdfotFubxB3ZkLTRbcSppDkFU2mVSPMPu6YLHXYl5wFg==",
      "devOptional": true,
      "license": "Apache-2.0",
      "dependencies": {
        "@prisma/debug": "6.8.1"
      }
    },
    "node_modules/jiti": {
      "version": "2.4.2",
      "resolved": "https://registry.npmjs.org/jiti/-/jiti-2.4.2.tgz",
      "integrity": "sha512-rg9zJN+G4n2nfJl5MW3BMygZX56zKPNVEYYqq7adpmMh4Jn2QNEwhvQlFy6jPVdcod7txZtKHWnyZiA3a0zP7A==",
      "devOptional": true,
      "license": "MIT",
      "bin": {
        "jiti": "lib/jiti-cli.mjs"
      }
    },
    "node_modules/prisma": {
      "version": "6.8.1",
      "resolved": "https://registry.npmjs.org/prisma/-/prisma-6.8.1.tgz",
      "integrity": "sha512-CLDiNk1vYWsa3ZIMZcttG3pzVaRK63yrtPBDMpzhsgI4MiahpCvdM72AAzQc/PElWENoBUx0JAF/UkIFhcmaJw==",
      "devOptional": true,
      "hasInstallScript": true,
      "license": "Apache-2.0",
      "dependencies": {
        "@prisma/config": "6.8.1",
        "@prisma/engines": "6.8.1"
      },
      "bin": {
        "prisma": "build/index.js"
      },
      "engines": {
        "node": ">=18.18"
      },
      "peerDependencies": {
        "typescript": ">=5.1.0"
      },
      "peerDependenciesMeta": {
        "typescript": {
          "optional": true
        }
      }
    }
  }
}
